
Microsoft Visual Studio Solution File, Format Version 12.00
# Visual Studio Version 16
VisualStudioVersion = 16.0.30621.155
MinimumVisualStudioVersion = 10.0.40219.1
Project("{FAE04EC0-301F-11D3-BF4B-00C04F79EFBC}") = "DisplayController", "DisplayController\DisplayController.csproj", "{BEEAC8D4-0ACC-4639-B1DB-4A268EF383B1}"
EndProject
Project("{FAE04EC0-301F-11D3-BF4B-00C04F79EFBC}") = "SerialDisplayDriver", "SerialDisplayDriver\SerialDisplayDriver.csproj", "{AC0C3AB5-578B-4EE3-890C-6F6D338757BC}"
EndProject
Global
	GlobalSection(SolutionConfigurationPlatforms) = preSolution
		Debug|Any CPU = Debug|Any CPU
		Release|Any CPU = Release|Any CPU
	EndGlobalSection
	GlobalSection(ProjectConfigurationPlatforms) = postSolution
		{BEEAC8D4-0ACC-4639-B1DB-4A268EF383B1}.Debug|Any CPU.ActiveCfg = Debug|Any CPU
		{BEEAC8D4-0ACC-4639-B1DB-4A268EF383B1}.Debug|Any CPU.Build.0 = Debug|Any CPU
		{BEEAC8D4-0ACC-4639-B1DB-4A268EF383B1}.Release|Any CPU.ActiveCfg = Release|Any CPU
		{BEEAC8D4-0ACC-4639-B1DB-4A268EF383B1}.Release|Any CPU.Build.0 = Release|Any CPU
		{AC0C3AB5-578B-4EE3-890C-6F6D338757BC}.Debug|Any CPU.ActiveCfg = Debug|Any CPU
		{AC0C3AB5-578B-4EE3-890C-6F6D338757BC}.Debug|Any CPU.Build.0 = Debug|Any CPU
		{AC0C3AB5-578B-4EE3-890C-6F6D338757BC}.Release|Any CPU.ActiveCfg = Release|Any CPU
		{AC0C3AB5-578B-4EE3-890C-6F6D338757BC}.Release|Any CPU.Build.0 = Release|Any CPU
	EndGlobalSection
	GlobalSection(SolutionProperties) = preSolution
		HideSolutionNode = FALSE
	EndGlobalSection
	GlobalSection(ExtensibilityGlobals) = postSolution
		SolutionGuid = {E0E8C8D5-6701-4D67-912C-21C383F836F3}
	EndGlobalSection
EndGlobal
